
Microsoft Visual Studio Solution File, Format Version 12.00
# Visual Studio 14
VisualStudioVersion = 14.0.25420.1
MinimumVisualStudioVersion = 10.0.40219.1
Project("{FAE04EC0-301F-11D3-BF4B-00C04F79EFBC}") = "Sct.JSKApi", "Sct.JSKApi\Sct.JSKApi.csproj", "{C5C0068E-D9D0-443D-935C-AEBC4E6AF9B9}"
EndProject
Project("{FAE04EC0-301F-11D3-BF4B-00C04F79EFBC}") = "Sct.JSKApi.Tests", "Sct.JSKApi.Tests\Sct.JSKApi.Tests.csproj", "{048DE516-2964-4672-B761-6F50992E955B}"
EndProject
Project("{FAE04EC0-301F-11D3-BF4B-00C04F79EFBC}") = "Sct.JSKDAL", "Sct.JSKDAL\Sct.JSKDAL.csproj", "{61429F3F-18CC-4EE7-9EB5-E885F54A5464}"
EndProject
Project("{FAE04EC0-301F-11D3-BF4B-00C04F79EFBC}") = "SctJSKApiTest", "SctJSKApiTest\SctJSKApiTest.csproj", "{EAD5FB39-6F7F-4CF7-A157-73970C0CF250}"
EndProject
Global
	GlobalSection(SolutionConfigurationPlatforms) = preSolution
		Debug|Any CPU = Debug|Any CPU
		Release|Any CPU = Release|Any CPU
	EndGlobalSection
	GlobalSection(ProjectConfigurationPlatforms) = postSolution
		{C5C0068E-D9D0-443D-935C-AEBC4E6AF9B9}.Debug|Any CPU.ActiveCfg = Debug|Any CPU
		{C5C0068E-D9D0-443D-935C-AEBC4E6AF9B9}.Debug|Any CPU.Build.0 = Debug|Any CPU
		{C5C0068E-D9D0-443D-935C-AEBC4E6AF9B9}.Release|Any CPU.ActiveCfg = Release|Any CPU
		{C5C0068E-D9D0-443D-935C-AEBC4E6AF9B9}.Release|Any CPU.Build.0 = Release|Any CPU
		{048DE516-2964-4672-B761-6F50992E955B}.Debug|Any CPU.ActiveCfg = Debug|Any CPU
		{048DE516-2964-4672-B761-6F50992E955B}.Debug|Any CPU.Build.0 = Debug|Any CPU
		{048DE516-2964-4672-B761-6F50992E955B}.Release|Any CPU.ActiveCfg = Release|Any CPU
		{048DE516-2964-4672-B761-6F50992E955B}.Release|Any CPU.Build.0 = Release|Any CPU
		{61429F3F-18CC-4EE7-9EB5-E885F54A5464}.Debug|Any CPU.ActiveCfg = Debug|Any CPU
		{61429F3F-18CC-4EE7-9EB5-E885F54A5464}.Debug|Any CPU.Build.0 = Debug|Any CPU
		{61429F3F-18CC-4EE7-9EB5-E885F54A5464}.Release|Any CPU.ActiveCfg = Release|Any CPU
		{61429F3F-18CC-4EE7-9EB5-E885F54A5464}.Release|Any CPU.Build.0 = Release|Any CPU
		{EAD5FB39-6F7F-4CF7-A157-73970C0CF250}.Debug|Any CPU.ActiveCfg = Debug|Any CPU
		{EAD5FB39-6F7F-4CF7-A157-73970C0CF250}.Debug|Any CPU.Build.0 = Debug|Any CPU
		{EAD5FB39-6F7F-4CF7-A157-73970C0CF250}.Release|Any CPU.ActiveCfg = Release|Any CPU
		{EAD5FB39-6F7F-4CF7-A157-73970C0CF250}.Release|Any CPU.Build.0 = Release|Any CPU
	EndGlobalSection
	GlobalSection(SolutionProperties) = preSolution
		HideSolutionNode = FALSE
	EndGlobalSection
EndGlobal
